
Microsoft Visual Studio Solution File, Format Version 12.00
# Visual Studio 15
VisualStudioVersion = 15.0.28010.2041
MinimumVisualStudioVersion = 10.0.40219.1
Project("{FAE04EC0-301F-11D3-BF4B-00C04F79EFBC}") = "pi171_181020_WF", "pi171_181020_WF\pi171_181020_WF.csproj", "{074A0263-AB48-4E33-9903-9E9E001EF6E0}"
EndProject
Project("{FAE04EC0-301F-11D3-BF4B-00C04F79EFBC}") = "pi171_181020_Classes", "pi171_181020_Classes\pi171_181020_Classes.csproj", "{F701A680-B3AC-4E62-B06A-4A7F5C607A20}"
EndProject
Global
	GlobalSection(SolutionConfigurationPlatforms) = preSolution
		Debug|Any CPU = Debug|Any CPU
		Release|Any CPU = Release|Any CPU
	EndGlobalSection
	GlobalSection(ProjectConfigurationPlatforms) = postSolution
		{074A0263-AB48-4E33-9903-9E9E001EF6E0}.Debug|Any CPU.ActiveCfg = Debug|Any CPU
		{074A0263-AB48-4E33-9903-9E9E001EF6E0}.Debug|Any CPU.Build.0 = Debug|Any CPU
		{074A0263-AB48-4E33-9903-9E9E001EF6E0}.Release|Any CPU.ActiveCfg = Release|Any CPU
		{074A0263-AB48-4E33-9903-9E9E001EF6E0}.Release|Any CPU.Build.0 = Release|Any CPU
		{F701A680-B3AC-4E62-B06A-4A7F5C607A20}.Debug|Any CPU.ActiveCfg = Debug|Any CPU
		{F701A680-B3AC-4E62-B06A-4A7F5C607A20}.Debug|Any CPU.Build.0 = Debug|Any CPU
		{F701A680-B3AC-4E62-B06A-4A7F5C607A20}.Release|Any CPU.ActiveCfg = Release|Any CPU
		{F701A680-B3AC-4E62-B06A-4A7F5C607A20}.Release|Any CPU.Build.0 = Release|Any CPU
	EndGlobalSection
	GlobalSection(SolutionProperties) = preSolution
		HideSolutionNode = FALSE
	EndGlobalSection
	GlobalSection(ExtensibilityGlobals) = postSolution
		SolutionGuid = {CB8C61B6-0E79-45DC-8FED-D973EF934381}
	EndGlobalSection
EndGlobal
