
Microsoft Visual Studio Solution File, Format Version 12.00
# Visual Studio 15
VisualStudioVersion = 15.0.28307.168
MinimumVisualStudioVersion = 10.0.40219.1
Project("{FAE04EC0-301F-11D3-BF4B-00C04F79EFBC}") = "ComparePic.Classes", "ComparePic.Classes\ComparePic.Classes.csproj", "{8CDFB8A9-AF25-4BFD-B5FA-18FB485F6D60}"
EndProject
Project("{FAE04EC0-301F-11D3-BF4B-00C04F79EFBC}") = "ComparePicAdmin", "ComparePicAdmin\ComparePicAdmin.csproj", "{D5F9B060-A588-4BB8-8F55-0F682B0B2CDE}"
EndProject
Project("{FAE04EC0-301F-11D3-BF4B-00C04F79EFBC}") = "ComparePicGame", "ComparePicGame\ComparePicGame.csproj", "{7DE85560-6AAD-4E14-AABA-A75EABC66E62}"
EndProject
Global
	GlobalSection(SolutionConfigurationPlatforms) = preSolution
		Debug|Any CPU = Debug|Any CPU
		Release|Any CPU = Release|Any CPU
	EndGlobalSection
	GlobalSection(ProjectConfigurationPlatforms) = postSolution
		{8CDFB8A9-AF25-4BFD-B5FA-18FB485F6D60}.Debug|Any CPU.ActiveCfg = Debug|Any CPU
		{8CDFB8A9-AF25-4BFD-B5FA-18FB485F6D60}.Debug|Any CPU.Build.0 = Debug|Any CPU
		{8CDFB8A9-AF25-4BFD-B5FA-18FB485F6D60}.Release|Any CPU.ActiveCfg = Release|Any CPU
		{8CDFB8A9-AF25-4BFD-B5FA-18FB485F6D60}.Release|Any CPU.Build.0 = Release|Any CPU
		{D5F9B060-A588-4BB8-8F55-0F682B0B2CDE}.Debug|Any CPU.ActiveCfg = Debug|Any CPU
		{D5F9B060-A588-4BB8-8F55-0F682B0B2CDE}.Debug|Any CPU.Build.0 = Debug|Any CPU
		{D5F9B060-A588-4BB8-8F55-0F682B0B2CDE}.Release|Any CPU.ActiveCfg = Release|Any CPU
		{D5F9B060-A588-4BB8-8F55-0F682B0B2CDE}.Release|Any CPU.Build.0 = Release|Any CPU
		{7DE85560-6AAD-4E14-AABA-A75EABC66E62}.Debug|Any CPU.ActiveCfg = Debug|Any CPU
		{7DE85560-6AAD-4E14-AABA-A75EABC66E62}.Debug|Any CPU.Build.0 = Debug|Any CPU
		{7DE85560-6AAD-4E14-AABA-A75EABC66E62}.Release|Any CPU.ActiveCfg = Release|Any CPU
		{7DE85560-6AAD-4E14-AABA-A75EABC66E62}.Release|Any CPU.Build.0 = Release|Any CPU
	EndGlobalSection
	GlobalSection(SolutionProperties) = preSolution
		HideSolutionNode = FALSE
	EndGlobalSection
	GlobalSection(ExtensibilityGlobals) = postSolution
		SolutionGuid = {A70E5EF8-18C1-4DF7-9460-F5C934C41FF6}
	EndGlobalSection
EndGlobal
