
Microsoft Visual Studio Solution File, Format Version 12.00
# Visual Studio 15
VisualStudioVersion = 15.0.28307.168
MinimumVisualStudioVersion = 10.0.40219.1
Project("{FAE04EC0-301F-11D3-BF4B-00C04F79EFBC}") = "TooHotApp", "TooHotApp.csproj", "{9E5C2C8A-5295-4F98-ABC8-A764F47D633C}"
EndProject
Global
	GlobalSection(SolutionConfigurationPlatforms) = preSolution
		Debug|Any CPU = Debug|Any CPU
		Release|Any CPU = Release|Any CPU
	EndGlobalSection
	GlobalSection(ProjectConfigurationPlatforms) = postSolution
		{9E5C2C8A-5295-4F98-ABC8-A764F47D633C}.Debug|Any CPU.ActiveCfg = Debug|Any CPU
		{9E5C2C8A-5295-4F98-ABC8-A764F47D633C}.Debug|Any CPU.Build.0 = Debug|Any CPU
		{9E5C2C8A-5295-4F98-ABC8-A764F47D633C}.Release|Any CPU.ActiveCfg = Release|Any CPU
		{9E5C2C8A-5295-4F98-ABC8-A764F47D633C}.Release|Any CPU.Build.0 = Release|Any CPU
	EndGlobalSection
	GlobalSection(SolutionProperties) = preSolution
		HideSolutionNode = FALSE
	EndGlobalSection
	GlobalSection(ExtensibilityGlobals) = postSolution
		SolutionGuid = {D55F08D5-DD1A-4C0C-9CAD-86B04F71B98B}
	EndGlobalSection
EndGlobal
